
Microsoft Visual Studio Solution File, Format Version 12.00
# Visual Studio Version 17
VisualStudioVersion = 17.8.34330.188
MinimumVisualStudioVersion = 10.0.40219.1
Project("{9A19103F-16F7-4668-BE54-9A1E7A4F7556}") = "BookManagement_PhucTG", "BookManagement_PhucTG\BookManagement_PhucTG.csproj", "{67668E09-821D-4DDD-A5A6-5B9216FC74E4}"
EndProject
Project("{9A19103F-16F7-4668-BE54-9A1E7A4F7556}") = "Repositories", "Repositories\Repositories.csproj", "{06604FA5-38EA-4B9A-A378-6FD97EC3E9C3}"
EndProject
Project("{9A19103F-16F7-4668-BE54-9A1E7A4F7556}") = "Services", "Services\Services.csproj", "{4502433E-6DF2-424E-8F05-CCA9BC1D7A8C}"
EndProject
Global
	GlobalSection(SolutionConfigurationPlatforms) = preSolution
		Debug|Any CPU = Debug|Any CPU
		Release|Any CPU = Release|Any CPU
	EndGlobalSection
	GlobalSection(ProjectConfigurationPlatforms) = postSolution
		{67668E09-821D-4DDD-A5A6-5B9216FC74E4}.Debug|Any CPU.ActiveCfg = Debug|Any CPU
		{67668E09-821D-4DDD-A5A6-5B9216FC74E4}.Debug|Any CPU.Build.0 = Debug|Any CPU
		{67668E09-821D-4DDD-A5A6-5B9216FC74E4}.Release|Any CPU.ActiveCfg = Release|Any CPU
		{67668E09-821D-4DDD-A5A6-5B9216FC74E4}.Release|Any CPU.Build.0 = Release|Any CPU
		{06604FA5-38EA-4B9A-A378-6FD97EC3E9C3}.Debug|Any CPU.ActiveCfg = Debug|Any CPU
		{06604FA5-38EA-4B9A-A378-6FD97EC3E9C3}.Debug|Any CPU.Build.0 = Debug|Any CPU
		{06604FA5-38EA-4B9A-A378-6FD97EC3E9C3}.Release|Any CPU.ActiveCfg = Release|Any CPU
		{06604FA5-38EA-4B9A-A378-6FD97EC3E9C3}.Release|Any CPU.Build.0 = Release|Any CPU
		{4502433E-6DF2-424E-8F05-CCA9BC1D7A8C}.Debug|Any CPU.ActiveCfg = Debug|Any CPU
		{4502433E-6DF2-424E-8F05-CCA9BC1D7A8C}.Debug|Any CPU.Build.0 = Debug|Any CPU
		{4502433E-6DF2-424E-8F05-CCA9BC1D7A8C}.Release|Any CPU.ActiveCfg = Release|Any CPU
		{4502433E-6DF2-424E-8F05-CCA9BC1D7A8C}.Release|Any CPU.Build.0 = Release|Any CPU
	EndGlobalSection
	GlobalSection(SolutionProperties) = preSolution
		HideSolutionNode = FALSE
	EndGlobalSection
	GlobalSection(ExtensibilityGlobals) = postSolution
		SolutionGuid = {5F51731A-76EC-4485-9CD5-F369802A5A61}
	EndGlobalSection
EndGlobal
